Microsoft Visual Studio Solution File, Format Version 12.00
# Visual Studio Version 16
VisualStudioVersion = 16.0.29609.76
MinimumVisualStudioVersion = 15.0.26124.0
Project("{2150E333-8FDC-42A3-9474-1A3956D46DE8}") = "src", "src", "{B40D7F8C-AC59-4C28-954C-B73B01771D66}"
EndProject
Project("{9A19103F-16F7-4668-BE54-9A1E7A4F7556}") = "BinaryEncoding", "src\BinaryEncoding\BinaryEncoding.csproj", "{4FE3B85C-8F9B-489F-9AF2-5928842540E8}"
EndProject
Project("{2150E333-8FDC-42A3-9474-1A3956D46DE8}") = "test", "test", "{863CE3AB-B945-45DD-B9F4-CED015E4FBC7}"
EndProject
Project("{9A19103F-16F7-4668-BE54-9A1E7A4F7556}") = "BinaryEncoding.Tests", "test\BinaryEncoding.Tests\BinaryEncoding.Tests.csproj", "{571EF7FA-9AC3-4059-884C-CEAFE9B2279A}"
EndProject
Project("{2150E333-8FDC-42A3-9474-1A3956D46DE8}") = "config", "config", "{AC3293E5-77FC-4F5E-B6F6-7ECF8356AE88}"
	ProjectSection(SolutionItems) = preProject
		.editorconfig = .editorconfig
		.gitattributes = .gitattributes
		.gitignore = .gitignore
		LICENSE = LICENSE
		README.md = README.md
	EndProjectSection
EndProject
Project("{2150E333-8FDC-42A3-9474-1A3956D46DE8}") = "build", "build", "{088D2CA5-FE86-4132-BE49-D6516B442CF9}"
	ProjectSection(SolutionItems) = preProject
		azure-pipelines.yml = azure-pipelines.yml
	EndProjectSection
EndProject
Global
	GlobalSection(SolutionConfigurationPlatforms) = preSolution
		Debug|Any CPU = Debug|Any CPU
		Debug|x64 = Debug|x64
		Debug|x86 = Debug|x86
		Release|Any CPU = Release|Any CPU
		Release|x64 = Release|x64
		Release|x86 = Release|x86
	EndGlobalSection
	GlobalSection(ProjectConfigurationPlatforms) = postSolution
		{4FE3B85C-8F9B-489F-9AF2-5928842540E8}.Debug|Any CPU.ActiveCfg = Debug|Any CPU
		{4FE3B85C-8F9B-489F-9AF2-5928842540E8}.Debug|Any CPU.Build.0 = Debug|Any CPU
		{4FE3B85C-8F9B-489F-9AF2-5928842540E8}.Debug|Any CPU.Deploy.0 = Debug|Any CPU
		{4FE3B85C-8F9B-489F-9AF2-5928842540E8}.Debug|x64.ActiveCfg = Debug|Any CPU
		{4FE3B85C-8F9B-489F-9AF2-5928842540E8}.Debug|x64.Build.0 = Debug|Any CPU
		{4FE3B85C-8F9B-489F-9AF2-5928842540E8}.Debug|x86.ActiveCfg = Debug|Any CPU
		{4FE3B85C-8F9B-489F-9AF2-5928842540E8}.Debug|x86.Build.0 = Debug|Any CPU
		{4FE3B85C-8F9B-489F-9AF2-5928842540E8}.Release|Any CPU.ActiveCfg = Release|Any CPU
		{4FE3B85C-8F9B-489F-9AF2-5928842540E8}.Release|Any CPU.Build.0 = Release|Any CPU
		{4FE3B85C-8F9B-489F-9AF2-5928842540E8}.Release|x64.ActiveCfg = Release|Any CPU
		{4FE3B85C-8F9B-489F-9AF2-5928842540E8}.Release|x64.Build.0 = Release|Any CPU
		{4FE3B85C-8F9B-489F-9AF2-5928842540E8}.Release|x86.ActiveCfg = Release|Any CPU
		{4FE3B85C-8F9B-489F-9AF2-5928842540E8}.Release|x86.Build.0 = Release|Any CPU
		{571EF7FA-9AC3-4059-884C-CEAFE9B2279A}.Debug|Any CPU.ActiveCfg = Debug|Any CPU
		{571EF7FA-9AC3-4059-884C-CEAFE9B2279A}.Debug|Any CPU.Build.0 = Debug|Any CPU
		{571EF7FA-9AC3-4059-884C-CEAFE9B2279A}.Debug|x64.ActiveCfg = Debug|Any CPU
		{571EF7FA-9AC3-4059-884C-CEAFE9B2279A}.Debug|x64.Build.0 = Debug|Any CPU
		{571EF7FA-9AC3-4059-884C-CEAFE9B2279A}.Debug|x86.ActiveCfg = Debug|Any CPU
		{571EF7FA-9AC3-4059-884C-CEAFE9B2279A}.Debug|x86.Build.0 = Debug|Any CPU
		{571EF7FA-9AC3-4059-884C-CEAFE9B2279A}.Release|Any CPU.ActiveCfg = Release|Any CPU
		{571EF7FA-9AC3-4059-884C-CEAFE9B2279A}.Release|Any CPU.Build.0 = Release|Any CPU
		{571EF7FA-9AC3-4059-884C-CEAFE9B2279A}.Release|x64.ActiveCfg = Release|Any CPU
		{571EF7FA-9AC3-4059-884C-CEAFE9B2279A}.Release|x64.Build.0 = Release|Any CPU
		{571EF7FA-9AC3-4059-884C-CEAFE9B2279A}.Release|x86.ActiveCfg = Release|Any CPU
		{571EF7FA-9AC3-4059-884C-CEAFE9B2279A}.Release|x86.Build.0 = Release|Any CPU
	EndGlobalSection
	GlobalSection(SolutionProperties) = preSolution
		HideSolutionNode = FALSE
	EndGlobalSection
	GlobalSection(NestedProjects) = preSolution
		{4FE3B85C-8F9B-489F-9AF2-5928842540E8} = {B40D7F8C-AC59-4C28-954C-B73B01771D66}
		{571EF7FA-9AC3-4059-884C-CEAFE9B2279A} = {863CE3AB-B945-45DD-B9F4-CED015E4FBC7}
	EndGlobalSection
	GlobalSection(ExtensibilityGlobals) = postSolution
		SolutionGuid = {26AC93CB-B0ED-47FB-83BE-968E38F518B3}
	EndGlobalSection
EndGlobal
